
Microsoft Visual Studio Solution File, Format Version 12.00
# Visual Studio Version 17
VisualStudioVersion = 17.5.33424.131
MinimumVisualStudioVersion = 10.0.40219.1
Project("{9A19103F-16F7-4668-BE54-9A1E7A4F7556}") = "Producer", "Producer\Producer.csproj", "{30E8DBC5-A15F-4A84-A6A4-3CC205125508}"
EndProject
Project("{FAE04EC0-301F-11D3-BF4B-00C04F79EFBC}") = "Consumer", "..\Consumer\Consumer.csproj", "{7E4FA113-BC81-4541-B8AD-B1C99242D48D}"
EndProject
Global
	GlobalSection(SolutionConfigurationPlatforms) = preSolution
		Debug|Any CPU = Debug|Any CPU
		Release|Any CPU = Release|Any CPU
	EndGlobalSection
	GlobalSection(ProjectConfigurationPlatforms) = postSolution
		{30E8DBC5-A15F-4A84-A6A4-3CC205125508}.Debug|Any CPU.ActiveCfg = Debug|Any CPU
		{30E8DBC5-A15F-4A84-A6A4-3CC205125508}.Debug|Any CPU.Build.0 = Debug|Any CPU
		{30E8DBC5-A15F-4A84-A6A4-3CC205125508}.Release|Any CPU.ActiveCfg = Release|Any CPU
		{30E8DBC5-A15F-4A84-A6A4-3CC205125508}.Release|Any CPU.Build.0 = Release|Any CPU
		{7E4FA113-BC81-4541-B8AD-B1C99242D48D}.Debug|Any CPU.ActiveCfg = Debug|Any CPU
		{7E4FA113-BC81-4541-B8AD-B1C99242D48D}.Debug|Any CPU.Build.0 = Debug|Any CPU
		{7E4FA113-BC81-4541-B8AD-B1C99242D48D}.Release|Any CPU.ActiveCfg = Release|Any CPU
		{7E4FA113-BC81-4541-B8AD-B1C99242D48D}.Release|Any CPU.Build.0 = Release|Any CPU
	EndGlobalSection
	GlobalSection(SolutionProperties) = preSolution
		HideSolutionNode = FALSE
	EndGlobalSection
	GlobalSection(ExtensibilityGlobals) = postSolution
		SolutionGuid = {FD9EE8FC-FD40-4CCA-AAC4-C976BA7C30F7}
	EndGlobalSection
EndGlobal
